
Microsoft Visual Studio Solution File, Format Version 12.00
Project("{FAE04EC0-301F-11D3-BF4B-00C04F79EFBC}") = "NewsAPI", "NewsAPI\NewsAPI.csproj", "{7196FCCD-E185-4982-853F-D8DD1AA82B30}"
EndProject
Project("{FAE04EC0-301F-11D3-BF4B-00C04F79EFBC}") = "NewsAPITest", "NewsAPITest\NewsAPITest.csproj", "{7C328386-B6D1-49D0-BF57-0A632716D7E4}"
EndProject
Global
	GlobalSection(SolutionConfigurationPlatforms) = preSolution
		Debug|Any CPU = Debug|Any CPU
		Release|Any CPU = Release|Any CPU
	EndGlobalSection
	GlobalSection(ProjectConfigurationPlatforms) = postSolution
		{7196FCCD-E185-4982-853F-D8DD1AA82B30}.Debug|Any CPU.ActiveCfg = Debug|Any CPU
		{7196FCCD-E185-4982-853F-D8DD1AA82B30}.Debug|Any CPU.Build.0 = Debug|Any CPU
		{7196FCCD-E185-4982-853F-D8DD1AA82B30}.Release|Any CPU.ActiveCfg = Release|Any CPU
		{7196FCCD-E185-4982-853F-D8DD1AA82B30}.Release|Any CPU.Build.0 = Release|Any CPU
		{7C328386-B6D1-49D0-BF57-0A632716D7E4}.Debug|Any CPU.ActiveCfg = Debug|Any CPU
		{7C328386-B6D1-49D0-BF57-0A632716D7E4}.Debug|Any CPU.Build.0 = Debug|Any CPU
		{7C328386-B6D1-49D0-BF57-0A632716D7E4}.Release|Any CPU.ActiveCfg = Release|Any CPU
		{7C328386-B6D1-49D0-BF57-0A632716D7E4}.Release|Any CPU.Build.0 = Release|Any CPU
	EndGlobalSection
EndGlobal
